
Microsoft Visual Studio Solution File, Format Version 12.00
# Visual Studio 15
VisualStudioVersion = 15.0.26430.16
MinimumVisualStudioVersion = 10.0.40219.1
Project("{FAE04EC0-301F-11D3-BF4B-00C04F79EFBC}") = "doc", "doc\doc.csproj", "{78D4F8DB-3C15-48E8-BCB9-B52BBA879D5F}"
EndProject
Project("{FAE04EC0-301F-11D3-BF4B-00C04F79EFBC}") = "design", "design\design.csproj", "{EC53C21B-E3F5-40BB-8978-E193415CE848}"
EndProject
Project("{FAE04EC0-301F-11D3-BF4B-00C04F79EFBC}") = "design-rt", "design-rt\design-rt.csproj", "{878715C8-EDAA-46C1-99D3-690DB6712089}"
EndProject
Project("{FAE04EC0-301F-11D3-BF4B-00C04F79EFBC}") = "rw", "rw\rw.csproj", "{50D3FC13-B1CB-49D1-B619-067CFC04B345}"
EndProject
Project("{FAE04EC0-301F-11D3-BF4B-00C04F79EFBC}") = "data", "data\data.csproj", "{C7AC51C7-3D10-4605-BC4D-DFE9CCD18F6B}"
EndProject
Project("{FAE04EC0-301F-11D3-BF4B-00C04F79EFBC}") = "systemjs-memory-leak", "know-how\systemjs-memory-leak\systemjs-memory-leak.csproj", "{154347BD-D878-4990-A88B-004122A93DEE}"
EndProject
Project("{2150E333-8FDC-42A3-9474-1A3956D46DE8}") = "others", "others", "{93477B7B-3FDD-4A05-AF6C-76BBC7F8E72C}"
EndProject
Project("{FAE04EC0-301F-11D3-BF4B-00C04F79EFBC}") = "render-twice", "render-twice\render-twice.csproj", "{A05DDF14-BF88-416F-931B-023DD3E6523B}"
EndProject
Project("{FAE04EC0-301F-11D3-BF4B-00C04F79EFBC}") = "fireb", "fireb\fireb.csproj", "{50A5BAEF-343A-49C2-8444-E3F73C09D5B1}"
EndProject
Project("{2150E333-8FDC-42A3-9474-1A3956D46DE8}") = "libs", "libs", "{77CF233F-E7E1-4CBF-9B63-ED5FBAE9D12C}"
EndProject
Project("{FAE04EC0-301F-11D3-BF4B-00C04F79EFBC}") = "SpellChecker", "libs\SpellChecker\SpellChecker.csproj", "{034AE400-7592-4CF2-93A4-7AB55E1FD270}"
EndProject
Project("{FAE04EC0-301F-11D3-BF4B-00C04F79EFBC}") = "Fulltext", "libs\Fulltext\Fulltext.csproj", "{98B908BE-5507-4583-9234-16FD6586B075}"
EndProject
Project("{FAE04EC0-301F-11D3-BF4B-00C04F79EFBC}") = "DesignConsole", "libs\DesignConsole\DesignConsole.csproj", "{BDD7D390-B1FA-4608-A84E-2ABB9757C67D}"
EndProject
Project("{FAE04EC0-301F-11D3-BF4B-00C04F79EFBC}") = "Library", "libs\Library\Library.csproj", "{304F4870-F6AD-4F77-90AF-ADAFB76F101B}"
EndProject
Project("{D954291E-2A0B-460D-934E-DC6B0785DB48}") = "FulltextDlls", "libs\FulltextDlls\FulltextDlls.shproj", "{5C1B6703-F000-4653-A5BA-EFBE4C1D1BEA}"
EndProject
Project("{FAE04EC0-301F-11D3-BF4B-00C04F79EFBC}") = "rw2", "rw2\rw2.csproj", "{78E84717-4A75-4BC7-84B5-9DA480A30FCF}"
EndProject
Project("{FAE04EC0-301F-11D3-BF4B-00C04F79EFBC}") = "RNW", "know-how\RNW\RNW.csproj", "{0444C61E-4C57-44E5-9BD6-2F5BBA886854}"
EndProject
Project("{2150E333-8FDC-42A3-9474-1A3956D46DE8}") = "konw-how", "konw-how", "{E67435A4-73CD-4E5C-B0DF-489AE91F3696}"
EndProject
Project("{FAE04EC0-301F-11D3-BF4B-00C04F79EFBC}") = "Rewise", "libs\rewise\Rewise.csproj", "{C6F48A10-9DD0-4AF6-A1F2-89182F5A276B}"
EndProject
Project("{FAE04EC0-301F-11D3-BF4B-00C04F79EFBC}") = "DesignImportBooks", "libs\DesignImportBooks\DesignImportBooks.csproj", "{361E7A4B-5FEB-40D2-A7E3-6C4301B39126}"
EndProject
Project("{FAE04EC0-301F-11D3-BF4B-00C04F79EFBC}") = "react-simple", "know-how\react-simple\react-simple.csproj", "{C44A21EB-7217-4916-B440-B5030CF83C9F}"
EndProject
Project("{FAE04EC0-301F-11D3-BF4B-00C04F79EFBC}") = "rw4", "rw4\rw4.csproj", "{39188D32-D92C-4ACD-992A-5D5BB5C0FFF2}"
EndProject
Project("{FAE04EC0-301F-11D3-BF4B-00C04F79EFBC}") = "rw3", "rw3\rw3.csproj", "{5360ADB6-ACF6-4423-AC39-B7A1D39FAD52}"
EndProject
Global
	GlobalSection(SharedMSBuildProjectFiles) = preSolution
		libs\FulltextDlls\FulltextDlls.projitems*{5c1b6703-f000-4653-a5ba-efbe4c1d1bea}*SharedItemsImports = 13
	EndGlobalSection
	GlobalSection(SolutionConfigurationPlatforms) = preSolution
		Debug|Any CPU = Debug|Any CPU
		Release|Any CPU = Release|Any CPU
	EndGlobalSection
	GlobalSection(ProjectConfigurationPlatforms) = postSolution
		{78D4F8DB-3C15-48E8-BCB9-B52BBA879D5F}.Debug|Any CPU.ActiveCfg = Debug|Any CPU
		{78D4F8DB-3C15-48E8-BCB9-B52BBA879D5F}.Debug|Any CPU.Build.0 = Debug|Any CPU
		{78D4F8DB-3C15-48E8-BCB9-B52BBA879D5F}.Release|Any CPU.ActiveCfg = Release|Any CPU
		{78D4F8DB-3C15-48E8-BCB9-B52BBA879D5F}.Release|Any CPU.Build.0 = Release|Any CPU
		{EC53C21B-E3F5-40BB-8978-E193415CE848}.Debug|Any CPU.ActiveCfg = Debug|Any CPU
		{EC53C21B-E3F5-40BB-8978-E193415CE848}.Debug|Any CPU.Build.0 = Debug|Any CPU
		{EC53C21B-E3F5-40BB-8978-E193415CE848}.Release|Any CPU.ActiveCfg = Release|Any CPU
		{EC53C21B-E3F5-40BB-8978-E193415CE848}.Release|Any CPU.Build.0 = Release|Any CPU
		{878715C8-EDAA-46C1-99D3-690DB6712089}.Debug|Any CPU.ActiveCfg = Debug|Any CPU
		{878715C8-EDAA-46C1-99D3-690DB6712089}.Debug|Any CPU.Build.0 = Debug|Any CPU
		{878715C8-EDAA-46C1-99D3-690DB6712089}.Release|Any CPU.ActiveCfg = Release|Any CPU
		{878715C8-EDAA-46C1-99D3-690DB6712089}.Release|Any CPU.Build.0 = Release|Any CPU
		{50D3FC13-B1CB-49D1-B619-067CFC04B345}.Debug|Any CPU.ActiveCfg = Debug|Any CPU
		{50D3FC13-B1CB-49D1-B619-067CFC04B345}.Debug|Any CPU.Build.0 = Debug|Any CPU
		{50D3FC13-B1CB-49D1-B619-067CFC04B345}.Release|Any CPU.ActiveCfg = Release|Any CPU
		{50D3FC13-B1CB-49D1-B619-067CFC04B345}.Release|Any CPU.Build.0 = Release|Any CPU
		{C7AC51C7-3D10-4605-BC4D-DFE9CCD18F6B}.Debug|Any CPU.ActiveCfg = Debug|Any CPU
		{C7AC51C7-3D10-4605-BC4D-DFE9CCD18F6B}.Debug|Any CPU.Build.0 = Debug|Any CPU
		{C7AC51C7-3D10-4605-BC4D-DFE9CCD18F6B}.Release|Any CPU.ActiveCfg = Release|Any CPU
		{C7AC51C7-3D10-4605-BC4D-DFE9CCD18F6B}.Release|Any CPU.Build.0 = Release|Any CPU
		{154347BD-D878-4990-A88B-004122A93DEE}.Debug|Any CPU.ActiveCfg = Debug|Any CPU
		{154347BD-D878-4990-A88B-004122A93DEE}.Release|Any CPU.ActiveCfg = Release|Any CPU
		{154347BD-D878-4990-A88B-004122A93DEE}.Release|Any CPU.Build.0 = Release|Any CPU
		{A05DDF14-BF88-416F-931B-023DD3E6523B}.Debug|Any CPU.ActiveCfg = Debug|Any CPU
		{A05DDF14-BF88-416F-931B-023DD3E6523B}.Debug|Any CPU.Build.0 = Debug|Any CPU
		{A05DDF14-BF88-416F-931B-023DD3E6523B}.Release|Any CPU.ActiveCfg = Release|Any CPU
		{A05DDF14-BF88-416F-931B-023DD3E6523B}.Release|Any CPU.Build.0 = Release|Any CPU
		{50A5BAEF-343A-49C2-8444-E3F73C09D5B1}.Debug|Any CPU.ActiveCfg = Debug|Any CPU
		{50A5BAEF-343A-49C2-8444-E3F73C09D5B1}.Debug|Any CPU.Build.0 = Debug|Any CPU
		{50A5BAEF-343A-49C2-8444-E3F73C09D5B1}.Release|Any CPU.ActiveCfg = Release|Any CPU
		{50A5BAEF-343A-49C2-8444-E3F73C09D5B1}.Release|Any CPU.Build.0 = Release|Any CPU
		{034AE400-7592-4CF2-93A4-7AB55E1FD270}.Debug|Any CPU.ActiveCfg = Debug|Any CPU
		{034AE400-7592-4CF2-93A4-7AB55E1FD270}.Debug|Any CPU.Build.0 = Debug|Any CPU
		{034AE400-7592-4CF2-93A4-7AB55E1FD270}.Release|Any CPU.ActiveCfg = Release|Any CPU
		{034AE400-7592-4CF2-93A4-7AB55E1FD270}.Release|Any CPU.Build.0 = Release|Any CPU
		{98B908BE-5507-4583-9234-16FD6586B075}.Debug|Any CPU.ActiveCfg = Debug|Any CPU
		{98B908BE-5507-4583-9234-16FD6586B075}.Debug|Any CPU.Build.0 = Debug|Any CPU
		{98B908BE-5507-4583-9234-16FD6586B075}.Release|Any CPU.ActiveCfg = Release|Any CPU
		{98B908BE-5507-4583-9234-16FD6586B075}.Release|Any CPU.Build.0 = Release|Any CPU
		{BDD7D390-B1FA-4608-A84E-2ABB9757C67D}.Debug|Any CPU.ActiveCfg = Debug|Any CPU
		{BDD7D390-B1FA-4608-A84E-2ABB9757C67D}.Debug|Any CPU.Build.0 = Debug|Any CPU
		{BDD7D390-B1FA-4608-A84E-2ABB9757C67D}.Release|Any CPU.ActiveCfg = Release|Any CPU
		{BDD7D390-B1FA-4608-A84E-2ABB9757C67D}.Release|Any CPU.Build.0 = Release|Any CPU
		{304F4870-F6AD-4F77-90AF-ADAFB76F101B}.Debug|Any CPU.ActiveCfg = Debug|Any CPU
		{304F4870-F6AD-4F77-90AF-ADAFB76F101B}.Debug|Any CPU.Build.0 = Debug|Any CPU
		{304F4870-F6AD-4F77-90AF-ADAFB76F101B}.Release|Any CPU.ActiveCfg = Release|Any CPU
		{304F4870-F6AD-4F77-90AF-ADAFB76F101B}.Release|Any CPU.Build.0 = Release|Any CPU
		{78E84717-4A75-4BC7-84B5-9DA480A30FCF}.Debug|Any CPU.ActiveCfg = Debug|Any CPU
		{78E84717-4A75-4BC7-84B5-9DA480A30FCF}.Debug|Any CPU.Build.0 = Debug|Any CPU
		{78E84717-4A75-4BC7-84B5-9DA480A30FCF}.Release|Any CPU.ActiveCfg = Release|Any CPU
		{78E84717-4A75-4BC7-84B5-9DA480A30FCF}.Release|Any CPU.Build.0 = Release|Any CPU
		{0444C61E-4C57-44E5-9BD6-2F5BBA886854}.Debug|Any CPU.ActiveCfg = Debug|Any CPU
		{0444C61E-4C57-44E5-9BD6-2F5BBA886854}.Debug|Any CPU.Build.0 = Debug|Any CPU
		{0444C61E-4C57-44E5-9BD6-2F5BBA886854}.Release|Any CPU.ActiveCfg = Release|Any CPU
		{0444C61E-4C57-44E5-9BD6-2F5BBA886854}.Release|Any CPU.Build.0 = Release|Any CPU
		{C6F48A10-9DD0-4AF6-A1F2-89182F5A276B}.Debug|Any CPU.ActiveCfg = Debug|Any CPU
		{C6F48A10-9DD0-4AF6-A1F2-89182F5A276B}.Debug|Any CPU.Build.0 = Debug|Any CPU
		{C6F48A10-9DD0-4AF6-A1F2-89182F5A276B}.Release|Any CPU.ActiveCfg = Release|Any CPU
		{C6F48A10-9DD0-4AF6-A1F2-89182F5A276B}.Release|Any CPU.Build.0 = Release|Any CPU
		{361E7A4B-5FEB-40D2-A7E3-6C4301B39126}.Debug|Any CPU.ActiveCfg = Debug|Any CPU
		{361E7A4B-5FEB-40D2-A7E3-6C4301B39126}.Debug|Any CPU.Build.0 = Debug|Any CPU
		{361E7A4B-5FEB-40D2-A7E3-6C4301B39126}.Release|Any CPU.ActiveCfg = Release|Any CPU
		{361E7A4B-5FEB-40D2-A7E3-6C4301B39126}.Release|Any CPU.Build.0 = Release|Any CPU
		{C44A21EB-7217-4916-B440-B5030CF83C9F}.Debug|Any CPU.ActiveCfg = Debug|Any CPU
		{C44A21EB-7217-4916-B440-B5030CF83C9F}.Debug|Any CPU.Build.0 = Debug|Any CPU
		{C44A21EB-7217-4916-B440-B5030CF83C9F}.Release|Any CPU.ActiveCfg = Release|Any CPU
		{C44A21EB-7217-4916-B440-B5030CF83C9F}.Release|Any CPU.Build.0 = Release|Any CPU
		{39188D32-D92C-4ACD-992A-5D5BB5C0FFF2}.Debug|Any CPU.ActiveCfg = Debug|Any CPU
		{39188D32-D92C-4ACD-992A-5D5BB5C0FFF2}.Debug|Any CPU.Build.0 = Debug|Any CPU
		{39188D32-D92C-4ACD-992A-5D5BB5C0FFF2}.Release|Any CPU.ActiveCfg = Release|Any CPU
		{39188D32-D92C-4ACD-992A-5D5BB5C0FFF2}.Release|Any CPU.Build.0 = Release|Any CPU
		{5360ADB6-ACF6-4423-AC39-B7A1D39FAD52}.Debug|Any CPU.ActiveCfg = Debug|Any CPU
		{5360ADB6-ACF6-4423-AC39-B7A1D39FAD52}.Debug|Any CPU.Build.0 = Debug|Any CPU
		{5360ADB6-ACF6-4423-AC39-B7A1D39FAD52}.Release|Any CPU.ActiveCfg = Release|Any CPU
		{5360ADB6-ACF6-4423-AC39-B7A1D39FAD52}.Release|Any CPU.Build.0 = Release|Any CPU
	EndGlobalSection
	GlobalSection(SolutionProperties) = preSolution
		HideSolutionNode = FALSE
	EndGlobalSection
	GlobalSection(NestedProjects) = preSolution
		{78D4F8DB-3C15-48E8-BCB9-B52BBA879D5F} = {93477B7B-3FDD-4A05-AF6C-76BBC7F8E72C}
		{878715C8-EDAA-46C1-99D3-690DB6712089} = {93477B7B-3FDD-4A05-AF6C-76BBC7F8E72C}
		{50D3FC13-B1CB-49D1-B619-067CFC04B345} = {93477B7B-3FDD-4A05-AF6C-76BBC7F8E72C}
		{154347BD-D878-4990-A88B-004122A93DEE} = {93477B7B-3FDD-4A05-AF6C-76BBC7F8E72C}
		{A05DDF14-BF88-416F-931B-023DD3E6523B} = {93477B7B-3FDD-4A05-AF6C-76BBC7F8E72C}
		{50A5BAEF-343A-49C2-8444-E3F73C09D5B1} = {93477B7B-3FDD-4A05-AF6C-76BBC7F8E72C}
		{034AE400-7592-4CF2-93A4-7AB55E1FD270} = {77CF233F-E7E1-4CBF-9B63-ED5FBAE9D12C}
		{98B908BE-5507-4583-9234-16FD6586B075} = {77CF233F-E7E1-4CBF-9B63-ED5FBAE9D12C}
		{BDD7D390-B1FA-4608-A84E-2ABB9757C67D} = {77CF233F-E7E1-4CBF-9B63-ED5FBAE9D12C}
		{304F4870-F6AD-4F77-90AF-ADAFB76F101B} = {77CF233F-E7E1-4CBF-9B63-ED5FBAE9D12C}
		{5C1B6703-F000-4653-A5BA-EFBE4C1D1BEA} = {77CF233F-E7E1-4CBF-9B63-ED5FBAE9D12C}
		{78E84717-4A75-4BC7-84B5-9DA480A30FCF} = {E67435A4-73CD-4E5C-B0DF-489AE91F3696}
		{0444C61E-4C57-44E5-9BD6-2F5BBA886854} = {E67435A4-73CD-4E5C-B0DF-489AE91F3696}
		{C6F48A10-9DD0-4AF6-A1F2-89182F5A276B} = {77CF233F-E7E1-4CBF-9B63-ED5FBAE9D12C}
		{361E7A4B-5FEB-40D2-A7E3-6C4301B39126} = {77CF233F-E7E1-4CBF-9B63-ED5FBAE9D12C}
		{C44A21EB-7217-4916-B440-B5030CF83C9F} = {E67435A4-73CD-4E5C-B0DF-489AE91F3696}
		{5360ADB6-ACF6-4423-AC39-B7A1D39FAD52} = {93477B7B-3FDD-4A05-AF6C-76BBC7F8E72C}
	EndGlobalSection
EndGlobal
